
Microsoft Visual Studio Solution File, Format Version 12.00
# Visual Studio Version 17
VisualStudioVersion = 17.13.35825.156 d17.13
MinimumVisualStudioVersion = 10.0.40219.1
Project("{FAE04EC0-301F-11D3-BF4B-00C04F79EFBC}") = "PrefinalWebApplication1", "PrefinalWebApplication1.csproj", "{456FF023-7D38-44E9-8772-1E0BF4E0A9E3}"
EndProject
Global
	GlobalSection(SolutionConfigurationPlatforms) = preSolution
		Debug|Any CPU = Debug|Any CPU
		Release|Any CPU = Release|Any CPU
	EndGlobalSection
	GlobalSection(ProjectConfigurationPlatforms) = postSolution
		{456FF023-7D38-44E9-8772-1E0BF4E0A9E3}.Debug|Any CPU.ActiveCfg = Debug|Any CPU
		{456FF023-7D38-44E9-8772-1E0BF4E0A9E3}.Debug|Any CPU.Build.0 = Debug|Any CPU
		{456FF023-7D38-44E9-8772-1E0BF4E0A9E3}.Release|Any CPU.ActiveCfg = Release|Any CPU
		{456FF023-7D38-44E9-8772-1E0BF4E0A9E3}.Release|Any CPU.Build.0 = Release|Any CPU
	EndGlobalSection
	GlobalSection(SolutionProperties) = preSolution
		HideSolutionNode = FALSE
	EndGlobalSection
	GlobalSection(ExtensibilityGlobals) = postSolution
		SolutionGuid = {C52501CB-05BF-4EF5-8DEF-664FC01DF3E3}
	EndGlobalSection
EndGlobal
